// !$*UTF8*$!
{
	archiveVersion = 1;
	classes = {
	};
	objectVersion = 51;
	objects = {

/* Begin PBXBuildFile section */
		65EB6868B4B47FA56231E591 /* Pods_Phmano__macOS_.framework in Frameworks */ = {isa = PBXBuildFile; fileRef = 866134E565244B4607908EE7 /* Pods_Phmano__macOS_.framework */; };
		EC220BB425A752AC003ED9A2 /* Pods_Phmano__iOS_.framework in Frameworks */ = {isa = PBXBuildFile; fileRef = 83319E5BFA35B2E0FC07E34A /* Pods_Phmano__iOS_.framework */; };
		ECCEF1D725A74BFC002E5D9B /* Tests_iOS.swift in Sources */ = {isa = PBXBuildFile; fileRef = ECCEF1D625A74BFC002E5D9B /* Tests_iOS.swift */; };
		ECCEF1E225A74BFC002E5D9B /* Tests_macOS.swift in Sources */ = {isa = PBXBuildFile; fileRef = ECCEF1E125A74BFC002E5D9B /* Tests_macOS.swift */; };
		ECCEF1E425A74BFC002E5D9B /* PhmanoApp.swift in Sources */ = {isa = PBXBuildFile; fileRef = ECCEF1BB25A74BFB002E5D9B /* PhmanoApp.swift */; };
		ECCEF1E525A74BFC002E5D9B /* PhmanoApp.swift in Sources */ = {isa = PBXBuildFile; fileRef = ECCEF1BB25A74BFB002E5D9B /* PhmanoApp.swift */; };
		ECCEF1E625A74BFC002E5D9B /* ContentView.swift in Sources */ = {isa = PBXBuildFile; fileRef = ECCEF1BC25A74BFB002E5D9B /* ContentView.swift */; };
		ECCEF1E725A74BFC002E5D9B /* ContentView.swift in Sources */ = {isa = PBXBuildFile; fileRef = ECCEF1BC25A74BFB002E5D9B /* ContentView.swift */; };
		ECCEF1E825A74BFC002E5D9B /* Assets.xcassets in Resources */ = {isa = PBXBuildFile; fileRef = ECCEF1BD25A74BFC002E5D9B /* Assets.xcassets */; };
		ECCEF1E925A74BFC002E5D9B /* Assets.xcassets in Resources */ = {isa = PBXBuildFile; fileRef = ECCEF1BD25A74BFC002E5D9B /* Assets.xcassets */; };
		ECCEF1FD25A74C6A002E5D9B /* GoogleService-Info.plist in Resources */ = {isa = PBXBuildFile; fileRef = ECCEF1FC25A74C6A002E5D9B /* GoogleService-Info.plist */; };
		ECCEF1FE25A74C6A002E5D9B /* GoogleService-Info.plist in Resources */ = {isa = PBXBuildFile; fileRef = ECCEF1FC25A74C6A002E5D9B /* GoogleService-Info.plist */; };
/* End PBXBuildFile section */

/* Begin PBXContainerItemProxy section */
		ECCEF1D325A74BFC002E5D9B /* PBXContainerItemProxy */ = {
			isa = PBXContainerItemProxy;
			containerPortal = ECCEF1B625A74BFB002E5D9B /* Project object */;
			proxyType = 1;
			remoteGlobalIDString = ECCEF1C125A74BFC002E5D9B;
			remoteInfo = "Phmano (iOS)";
		};
		ECCEF1DE25A74BFC002E5D9B /* PBXContainerItemProxy */ = {
			isa = PBXContainerItemProxy;
			containerPortal = ECCEF1B625A74BFB002E5D9B /* Project object */;
			proxyType = 1;
			remoteGlobalIDString = ECCEF1C925A74BFC002E5D9B;
			remoteInfo = "Phmano (macOS)";
		};
/* End PBXContainerItemProxy section */

/* Begin PBXFileReference section */
		0630D99B481472992E77A81F /* Pods-Phmano (macOS).debug.xcconfig */ = {isa = PBXFileReference; includeInIndex = 1; lastKnownFileType = text.xcconfig; name = "Pods-Phmano (macOS).debug.xcconfig"; path = "Target Support Files/Pods-Phmano (macOS)/Pods-Phmano (macOS).debug.xcconfig"; sourceTree = "<group>"; };
		3F6E20C685F0B07B2E53B736 /* Pods-Phmano (iOS).debug.xcconfig */ = {isa = PBXFileReference; includeInIndex = 1; lastKnownFileType = text.xcconfig; name = "Pods-Phmano (iOS).debug.xcconfig"; path = "Target Support Files/Pods-Phmano (iOS)/Pods-Phmano (iOS).debug.xcconfig"; sourceTree = "<group>"; };
		83319E5BFA35B2E0FC07E34A /* Pods_Phmano__iOS_.framework */ = {isa = PBXFileReference; explicitFileType = wrapper.framework; includeInIndex = 0; path = Pods_Phmano__iOS_.framework; sourceTree = BUILT_PRODUCTS_DIR; };
		848C2FCC6D255A592578E26A /* Pods-Phmano (iOS).release.xcconfig */ = {isa = PBXFileReference; includeInIndex = 1; lastKnownFileType = text.xcconfig; name = "Pods-Phmano (iOS).release.xcconfig"; path = "Target Support Files/Pods-Phmano (iOS)/Pods-Phmano (iOS).release.xcconfig"; sourceTree = "<group>"; };
		866134E565244B4607908EE7 /* Pods_Phmano__macOS_.framework */ = {isa = PBXFileReference; explicitFileType = wrapper.framework; includeInIndex = 0; path = Pods_Phmano__macOS_.framework; sourceTree = BUILT_PRODUCTS_DIR; };
		DCD735A07577886EB28BCC49 /* Pods-Phmano (macOS).release.xcconfig */ = {isa = PBXFileReference; includeInIndex = 1; lastKnownFileType = text.xcconfig; name = "Pods-Phmano (macOS).release.xcconfig"; path = "Target Support Files/Pods-Phmano (macOS)/Pods-Phmano (macOS).release.xcconfig"; sourceTree = "<group>"; };
		ECCEF1BB25A74BFB002E5D9B /* PhmanoApp.swift */ = {isa = PBXFileReference; lastKnownFileType = sourcecode.swift; path = PhmanoApp.swift; sourceTree = "<group>"; };
		ECCEF1BC25A74BFB002E5D9B /* ContentView.swift */ = {isa = PBXFileReference; lastKnownFileType = sourcecode.swift; path = ContentView.swift; sourceTree = "<group>"; };
		ECCEF1BD25A74BFC002E5D9B /* Assets.xcassets */ = {isa = PBXFileReference; lastKnownFileType = folder.assetcatalog; path = Assets.xcassets; sourceTree = "<group>"; };
		ECCEF1C225A74BFC002E5D9B /* Phmano.app */ = {isa = PBXFileReference; explicitFileType = wrapper.application; includeInIndex = 0; path = Phmano.app; sourceTree = BUILT_PRODUCTS_DIR; };
		ECCEF1C525A74BFC002E5D9B /* Info.plist */ = {isa = PBXFileReference; lastKnownFileType = text.plist.xml; path = Info.plist; sourceTree = "<group>"; };
		ECCEF1CA25A74BFC002E5D9B /* Phmano.app */ = {isa = PBXFileReference; explicitFileType = wrapper.application; includeInIndex = 0; path = Phmano.app; sourceTree = BUILT_PRODUCTS_DIR; };
		ECCEF1CC25A74BFC002E5D9B /* Info.plist */ = {isa = PBXFileReference; lastKnownFileType = text.plist.xml; path = Info.plist; sourceTree = "<group>"; };
		ECCEF1CD25A74BFC002E5D9B /* macOS.entitlements */ = {isa = PBXFileReference; lastKnownFileType = text.plist.entitlements; path = macOS.entitlements; sourceTree = "<group>"; };
		ECCEF1D225A74BFC002E5D9B /* Tests iOS.xctest */ = {isa = PBXFileReference; explicitFileType = wrapper.cfbundle; includeInIndex = 0; path = "Tests iOS.xctest"; sourceTree = BUILT_PRODUCTS_DIR; };
		ECCEF1D625A74BFC002E5D9B /* Tests_iOS.swift */ = {isa = PBXFileReference; lastKnownFileType = sourcecode.swift; path = Tests_iOS.swift; sourceTree = "<group>"; };
		ECCEF1D825A74BFC002E5D9B /* Info.plist */ = {isa = PBXFileReference; lastKnownFileType = text.plist.xml; path = Info.plist; sourceTree = "<group>"; };
		ECCEF1DD25A74BFC002E5D9B /* Tests macOS.xctest */ = {isa = PBXFileReference; explicitFileType = wrapper.cfbundle; includeInIndex = 0; path = "Tests macOS.xctest"; sourceTree = BUILT_PRODUCTS_DIR; };
		ECCEF1E125A74BFC002E5D9B /* Tests_macOS.swift */ = {isa = PBXFileReference; lastKnownFileType = sourcecode.swift; path = Tests_macOS.swift; sourceTree = "<group>"; };
		ECCEF1E325A74BFC002E5D9B /* Info.plist */ = {isa = PBXFileReference; lastKnownFileType = text.plist.xml; path = Info.plist; sourceTree = "<group>"; };
		ECCEF1FC25A74C6A002E5D9B /* GoogleService-Info.plist */ = {isa = PBXFileReference; fileEncoding = 4; lastKnownFileType = text.plist.xml; name = "GoogleService-Info.plist"; path = "../../../Downloads/GoogleService-Info.plist"; sourceTree = "<group>"; };
/* End PBXFileReference section */

/* Begin PBXFrameworksBuildPhase section */
		ECCEF1BF25A74BFC002E5D9B /* Frameworks */ = {
			isa = PBXFrameworksBuildPhase;
			buildActionMask = 2147483647;
			files = (
				EC220BB425A752AC003ED9A2 /* Pods_Phmano__iOS_.framework in Frameworks */,
			);
			runOnlyForDeploymentPostprocessing = 0;
		};
		ECCEF1C725A74BFC002E5D9B /* Frameworks */ = {
			isa = PBXFrameworksBuildPhase;
			buildActionMask = 2147483647;
			files = (
				65EB6868B4B47FA56231E591 /* Pods_Phmano__macOS_.framework in Frameworks */,
			);
			runOnlyForDeploymentPostprocessing = 0;
		};
		ECCEF1CF25A74BFC002E5D9B /* Frameworks */ = {
			isa = PBXFrameworksBuildPhase;
			buildActionMask = 2147483647;
			files = (
			);
			runOnlyForDeploymentPostprocessing = 0;
		};
		ECCEF1DA25A74BFC002E5D9B /* Frameworks */ = {
			isa = PBXFrameworksBuildPhase;
			buildActionMask = 2147483647;
			files = (
			);
			runOnlyForDeploymentPostprocessing = 0;
		};
/* End PBXFrameworksBuildPhase section */

/* Begin PBXGroup section */
		BEF3EDC2836BC34A9B23F6C3 /* Frameworks */ = {
			isa = PBXGroup;
			children = (
				83319E5BFA35B2E0FC07E34A /* Pods_Phmano__iOS_.framework */,
				866134E565244B4607908EE7 /* Pods_Phmano__macOS_.framework */,
			);
			name = Frameworks;
			sourceTree = "<group>";
		};
		D66A1F9A497B624A3663730D /* Pods */ = {
			isa = PBXGroup;
			children = (
				3F6E20C685F0B07B2E53B736 /* Pods-Phmano (iOS).debug.xcconfig */,
				848C2FCC6D255A592578E26A /* Pods-Phmano (iOS).release.xcconfig */,
				0630D99B481472992E77A81F /* Pods-Phmano (macOS).debug.xcconfig */,
				DCD735A07577886EB28BCC49 /* Pods-Phmano (macOS).release.xcconfig */,
			);
			path = Pods;
			sourceTree = "<group>";
		};
		ECCEF1B525A74BFB002E5D9B = {
			isa = PBXGroup;
			children = (
				ECCEF1BA25A74BFB002E5D9B /* Shared */,
				ECCEF1C425A74BFC002E5D9B /* iOS */,
				ECCEF1CB25A74BFC002E5D9B /* macOS */,
				ECCEF1D525A74BFC002E5D9B /* Tests iOS */,
				ECCEF1E025A74BFC002E5D9B /* Tests macOS */,
				ECCEF1C325A74BFC002E5D9B /* Products */,
				D66A1F9A497B624A3663730D /* Pods */,
				BEF3EDC2836BC34A9B23F6C3 /* Frameworks */,
			);
			sourceTree = "<group>";
		};
		ECCEF1BA25A74BFB002E5D9B /* Shared */ = {
			isa = PBXGroup;
			children = (
				ECCEF1BB25A74BFB002E5D9B /* PhmanoApp.swift */,
				ECCEF1BC25A74BFB002E5D9B /* ContentView.swift */,
				ECCEF1BD25A74BFC002E5D9B /* Assets.xcassets */,
				ECCEF1FC25A74C6A002E5D9B /* GoogleService-Info.plist */,
			);
			path = Shared;
			sourceTree = "<group>";
		};
		ECCEF1C325A74BFC002E5D9B /* Products */ = {
			isa = PBXGroup;
			children = (
				ECCEF1C225A74BFC002E5D9B /* Phmano.app */,
				ECCEF1CA25A74BFC002E5D9B /* Phmano.app */,
				ECCEF1D225A74BFC002E5D9B /* Tests iOS.xctest */,
				ECCEF1DD25A74BFC002E5D9B /* Tests macOS.xctest */,
			);
			name = Products;
			sourceTree = "<group>";
		};
		ECCEF1C425A74BFC002E5D9B /* iOS */ = {
			isa = PBXGroup;
			children = (
				ECCEF1C525A74BFC002E5D9B /* Info.plist */,
			);
			path = iOS;
			sourceTree = "<group>";
		};
		ECCEF1CB25A74BFC002E5D9B /* macOS */ = {
			isa = PBXGroup;
			children = (
				ECCEF1CC25A74BFC002E5D9B /* Info.plist */,
				ECCEF1CD25A74BFC002E5D9B /* macOS.entitlements */,
			);
			path = macOS;
			sourceTree = "<group>";
		};
		ECCEF1D525A74BFC002E5D9B /* Tests iOS */ = {
			isa = PBXGroup;
			children = (
				ECCEF1D625A74BFC002E5D9B /* Tests_iOS.swift */,
				ECCEF1D825A74BFC002E5D9B /* Info.plist */,
			);
			path = "Tests iOS";
			sourceTree = "<group>";
		};
		ECCEF1E025A74BFC002E5D9B /* Tests macOS */ = {
			isa = PBXGroup;
			children = (
				ECCEF1E125A74BFC002E5D9B /* Tests_macOS.swift */,
				ECCEF1E325A74BFC002E5D9B /* Info.plist */,
			);
			path = "Tests macOS";
			sourceTree = "<group>";
		};
/* End PBXGroup section */

/* Begin PBXNativeTarget section */
		ECCEF1C125A74BFC002E5D9B /* Phmano (iOS) */ = {
			isa = PBXNativeTarget;
			buildConfigurationList = ECCEF1EC25A74BFC002E5D9B /* Build configuration list for PBXNativeTarget "Phmano (iOS)" */;
			buildPhases = (
				7A81FAF232A4E44171E9D441 /* [CP] Check Pods Manifest.lock */,
				ECCEF1BE25A74BFC002E5D9B /* Sources */,
				ECCEF1BF25A74BFC002E5D9B /* Frameworks */,
				ECCEF1C025A74BFC002E5D9B /* Resources */,
				244DD69D58EF11E7F082B87A /* [CP] Embed Pods Frameworks */,
			);
			buildRules = (
			);
			dependencies = (
			);
			name = "Phmano (iOS)";
			productName = "Phmano (iOS)";
			productReference = ECCEF1C225A74BFC002E5D9B /* Phmano.app */;
			productType = "com.apple.product-type.application";
		};
		ECCEF1C925A74BFC002E5D9B /* Phmano (macOS) */ = {
			isa = PBXNativeTarget;
			buildConfigurationList = ECCEF1EF25A74BFC002E5D9B /* Build configuration list for PBXNativeTarget "Phmano (macOS)" */;
			buildPhases = (
				F610822984CD73018B3D19FE /* [CP] Check Pods Manifest.lock */,
				ECCEF1C625A74BFC002E5D9B /* Sources */,
				ECCEF1C725A74BFC002E5D9B /* Frameworks */,
				ECCEF1C825A74BFC002E5D9B /* Resources */,
			);
			buildRules = (
			);
			dependencies = (
			);
			name = "Phmano (macOS)";
			productName = "Phmano (macOS)";
			productReference = ECCEF1CA25A74BFC002E5D9B /* Phmano.app */;
			productType = "com.apple.product-type.application";
		};
		ECCEF1D125A74BFC002E5D9B /* Tests iOS */ = {
			isa = PBXNativeTarget;
			buildConfigurationList = ECCEF1F225A74BFC002E5D9B /* Build configuration list for PBXNativeTarget "Tests iOS" */;
			buildPhases = (
				ECCEF1CE25A74BFC002E5D9B /* Sources */,
				ECCEF1CF25A74BFC002E5D9B /* Frameworks */,
				ECCEF1D025A74BFC002E5D9B /* Resources */,
			);
			buildRules = (
			);
			dependencies = (
				ECCEF1D425A74BFC002E5D9B /* PBXTargetDependency */,
			);
			name = "Tests iOS";
			productName = "Tests iOS";
			productReference = ECCEF1D225A74BFC002E5D9B /* Tests iOS.xctest */;
			productType = "com.apple.product-type.bundle.ui-testing";
		};
		ECCEF1DC25A74BFC002E5D9B /* Tests macOS */ = {
			isa = PBXNativeTarget;
			buildConfigurationList = ECCEF1F525A74BFC002E5D9B /* Build configuration list for PBXNativeTarget "Tests macOS" */;
			buildPhases = (
				ECCEF1D925A74BFC002E5D9B /* Sources */,
				ECCEF1DA25A74BFC002E5D9B /* Frameworks */,
				ECCEF1DB25A74BFC002E5D9B /* Resources */,
			);
			buildRules = (
			);
			dependencies = (
				ECCEF1DF25A74BFC002E5D9B /* PBXTargetDependency */,
			);
			name = "Tests macOS";
			productName = "Tests macOS";
			productReference = ECCEF1DD25A74BFC002E5D9B /* Tests macOS.xctest */;
			productType = "com.apple.product-type.bundle.ui-testing";
		};
/* End PBXNativeTarget section */

/* Begin PBXProject section */
		ECCEF1B625A74BFB002E5D9B /* Project object */ = {
			isa = PBXProject;
			attributes = {
				LastSwiftUpdateCheck = 1230;
				LastUpgradeCheck = 1230;
				TargetAttributes = {
					ECCEF1C125A74BFC002E5D9B = {
						CreatedOnToolsVersion = 12.3;
					};
					ECCEF1C925A74BFC002E5D9B = {
						CreatedOnToolsVersion = 12.3;
					};
					ECCEF1D125A74BFC002E5D9B = {
						CreatedOnToolsVersion = 12.3;
						TestTargetID = ECCEF1C125A74BFC002E5D9B;
					};
					ECCEF1DC25A74BFC002E5D9B = {
						CreatedOnToolsVersion = 12.3;
						TestTargetID = ECCEF1C925A74BFC002E5D9B;
					};
				};
			};
			buildConfigurationList = ECCEF1B925A74BFB002E5D9B /* Build configuration list for PBXProject "Phmano" */;
			compatibilityVersion = "Xcode 9.3";
			developmentRegion = en;
			hasScannedForEncodings = 0;
			knownRegions = (
				en,
				Base,
			);
			mainGroup = ECCEF1B525A74BFB002E5D9B;
			productRefGroup = ECCEF1C325A74BFC002E5D9B /* Products */;
			projectDirPath = "";
			projectRoot = "";
			targets = (
				ECCEF1C125A74BFC002E5D9B /* Phmano (iOS) */,
				ECCEF1C925A74BFC002E5D9B /* Phmano (macOS) */,
				ECCEF1D125A74BFC002E5D9B /* Tests iOS */,
				ECCEF1DC25A74BFC002E5D9B /* Tests macOS */,
			);
		};
/* End PBXProject section */

/* Begin PBXResourcesBuildPhase section */
		ECCEF1C025A74BFC002E5D9B /* Resources */ = {
			isa = PBXResourcesBuildPhase;
			buildActionMask = 2147483647;
			files = (
				ECCEF1E825A74BFC002E5D9B /* Assets.xcassets in Resources */,
				ECCEF1FD25A74C6A002E5D9B /* GoogleService-Info.plist in Resources */,
			);
			runOnlyForDeploymentPostprocessing = 0;
		};
		ECCEF1C825A74BFC002E5D9B /* Resources */ = {
			isa = PBXResourcesBuildPhase;
			buildActionMask = 2147483647;
			files = (
				ECCEF1E925A74BFC002E5D9B /* Assets.xcassets in Resources */,
				ECCEF1FE25A74C6A002E5D9B /* GoogleService-Info.plist in Resources */,
			);
			runOnlyForDeploymentPostprocessing = 0;
		};
		ECCEF1D025A74BFC002E5D9B /* Resources */ = {
			isa = PBXResourcesBuildPhase;
			buildActionMask = 2147483647;
			files = (
			);
			runOnlyForDeploymentPostprocessing = 0;
		};
		ECCEF1DB25A74BFC002E5D9B /* Resources */ = {
			isa = PBXResourcesBuildPhase;
			buildActionMask = 2147483647;
			files = (
			);
			runOnlyForDeploymentPostprocessing = 0;
		};
/* End PBXResourcesBuildPhase section */

/* Begin PBXShellScriptBuildPhase section */
		244DD69D58EF11E7F082B87A /* [CP] Embed Pods Frameworks */ = {
			isa = PBXShellScriptBuildPhase;
			buildActionMask = 2147483647;
			files = (
			);
			inputFileListPaths = (
				"${PODS_ROOT}/Target Support Files/Pods-Phmano (iOS)/Pods-Phmano (iOS)-frameworks-${CONFIGURATION}-input-files.xcfilelist",
			);
			name = "[CP] Embed Pods Frameworks";
			outputFileListPaths = (
				"${PODS_ROOT}/Target Support Files/Pods-Phmano (iOS)/Pods-Phmano (iOS)-frameworks-${CONFIGURATION}-output-files.xcfilelist",
			);
			runOnlyForDeploymentPostprocessing = 0;
			shellPath = /bin/sh;
			shellScript = "\"${PODS_ROOT}/Target Support Files/Pods-Phmano (iOS)/Pods-Phmano (iOS)-frameworks.sh\"\n";
			showEnvVarsInLog = 0;
		};
		7A81FAF232A4E44171E9D441 /* [CP] Check Pods Manifest.lock */ = {
			isa = PBXShellScriptBuildPhase;
			buildActionMask = 2147483647;
			files = (
			);
			inputFileListPaths = (
			);
			inputPaths = (
				"${PODS_PODFILE_DIR_PATH}/Podfile.lock",
				"${PODS_ROOT}/Manifest.lock",
			);
			name = "[CP] Check Pods Manifest.lock";
			outputFileListPaths = (
			);
			outputPaths = (
				"$(DERIVED_FILE_DIR)/Pods-Phmano (iOS)-checkManifestLockResult.txt",
			);
			runOnlyForDeploymentPostprocessing = 0;
			shellPath = /bin/sh;
			shellScript = "diff \"${PODS_PODFILE_DIR_PATH}/Podfile.lock\" \"${PODS_ROOT}/Manifest.lock\" > /dev/null\nif [ $? != 0 ] ; then\n    # print error to STDERR\n    echo \"error: The sandbox is not in sync with the Podfile.lock. Run 'pod install' or update your CocoaPods installation.\" >&2\n    exit 1\nfi\n# This output is used by Xcode 'outputs' to avoid re-running this script phase.\necho \"SUCCESS\" > \"${SCRIPT_OUTPUT_FILE_0}\"\n";
			showEnvVarsInLog = 0;
		};
		F610822984CD73018B3D19FE /* [CP] Check Pods Manifest.lock */ = {
			isa = PBXShellScriptBuildPhase;
			buildActionMask = 2147483647;
			files = (
			);
			inputFileListPaths = (
			);
			inputPaths = (
				"${PODS_PODFILE_DIR_PATH}/Podfile.lock",
				"${PODS_ROOT}/Manifest.lock",
			);
			name = "[CP] Check Pods Manifest.lock";
			outputFileListPaths = (
			);
			outputPaths = (
				"$(DERIVED_FILE_DIR)/Pods-Phmano (macOS)-checkManifestLockResult.txt",
			);
			runOnlyForDeploymentPostprocessing = 0;
			shellPath = /bin/sh;
			shellScript = "diff \"${PODS_PODFILE_DIR_PATH}/Podfile.lock\" \"${PODS_ROOT}/Manifest.lock\" > /dev/null\nif [ $? != 0 ] ; then\n    # print error to STDERR\n    echo \"error: The sandbox is not in sync with the Podfile.lock. Run 'pod install' or update your CocoaPods installation.\" >&2\n    exit 1\nfi\n# This output is used by Xcode 'outputs' to avoid re-running this script phase.\necho \"SUCCESS\" > \"${SCRIPT_OUTPUT_FILE_0}\"\n";
			showEnvVarsInLog = 0;
		};
/* End PBXShellScriptBuildPhase section */

/* Begin PBXSourcesBuildPhase section */
		ECCEF1BE25A74BFC002E5D9B /* Sources */ = {
			isa = PBXSourcesBuildPhase;
			buildActionMask = 2147483647;
			files = (
				ECCEF1E625A74BFC002E5D9B /* ContentView.swift in Sources */,
				ECCEF1E425A74BFC002E5D9B /* PhmanoApp.swift in Sources */,
			);
			runOnlyForDeploymentPostprocessing = 0;
		};
		ECCEF1C625A74BFC002E5D9B /* Sources */ = {
			isa = PBXSourcesBuildPhase;
			buildActionMask = 2147483647;
			files = (
				ECCEF1E725A74BFC002E5D9B /* ContentView.swift in Sources */,
				ECCEF1E525A74BFC002E5D9B /* PhmanoApp.swift in Sources */,
			);
			runOnlyForDeploymentPostprocessing = 0;
		};
		ECCEF1CE25A74BFC002E5D9B /* Sources */ = {
			isa = PBXSourcesBuildPhase;
			buildActionMask = 2147483647;
			files = (
				ECCEF1D725A74BFC002E5D9B /* Tests_iOS.swift in Sources */,
			);
			runOnlyForDeploymentPostprocessing = 0;
		};
		ECCEF1D925A74BFC002E5D9B /* Sources */ = {
			isa = PBXSourcesBuildPhase;
			buildActionMask = 2147483647;
			files = (
				ECCEF1E225A74BFC002E5D9B /* Tests_macOS.swift in Sources */,
			);
			runOnlyForDeploymentPostprocessing = 0;
		};
/* End PBXSourcesBuildPhase section */

/* Begin PBXTargetDependency section */
		ECCEF1D425A74BFC002E5D9B /* PBXTargetDependency */ = {
			isa = PBXTargetDependency;
			target = ECCEF1C125A74BFC002E5D9B /* Phmano (iOS) */;
			targetProxy = ECCEF1D325A74BFC002E5D9B /* PBXContainerItemProxy */;
		};
		ECCEF1DF25A74BFC002E5D9B /* PBXTargetDependency */ = {
			isa = PBXTargetDependency;
			target = ECCEF1C925A74BFC002E5D9B /* Phmano (macOS) */;
			targetProxy = ECCEF1DE25A74BFC002E5D9B /* PBXContainerItemProxy */;
		};
/* End PBXTargetDependency section */

/* Begin XCBuildConfiguration section */
		ECCEF1EA25A74BFC002E5D9B /* Debug */ = {
			isa = XCBuildConfiguration;
			buildSettings = {
				ALWAYS_SEARCH_USER_PATHS = NO;
				CLANG_ANALYZER_NONNULL = YES;
				CLANG_ANALYZER_NUMBER_OBJECT_CONVERSION = YES_AGGRESSIVE;
				CLANG_CXX_LANGUAGE_STANDARD = "gnu++14";
				CLANG_CXX_LIBRARY = "libc++";
				CLANG_ENABLE_MODULES = YES;
				CLANG_ENABLE_OBJC_ARC = YES;
				CLANG_ENABLE_OBJC_WEAK = YES;
				CLANG_WARN_BLOCK_CAPTURE_AUTORELEASING = YES;
				CLANG_WARN_BOOL_CONVERSION = YES;
				CLANG_WARN_COMMA = YES;
				CLANG_WARN_CONSTANT_CONVERSION = YES;
				CLANG_WARN_DEPRECATED_OBJC_IMPLEMENTATIONS = YES;
				CLANG_WARN_DIRECT_OBJC_ISA_USAGE = YES_ERROR;
				CLANG_WARN_DOCUMENTATION_COMMENTS = YES;
				CLANG_WARN_EMPTY_BODY = YES;
				CLANG_WARN_ENUM_CONVERSION = YES;
				CLANG_WARN_INFINITE_RECURSION = YES;
				CLANG_WARN_INT_CONVERSION = YES;
				CLANG_WARN_NON_LITERAL_NULL_CONVERSION = YES;
				CLANG_WARN_OBJC_IMPLICIT_RETAIN_SELF = YES;
				CLANG_WARN_OBJC_LITERAL_CONVERSION = YES;
				CLANG_WARN_OBJC_ROOT_CLASS = YES_ERROR;
				CLANG_WARN_QUOTED_INCLUDE_IN_FRAMEWORK_HEADER = YES;
				CLANG_WARN_RANGE_LOOP_ANALYSIS = YES;
				CLANG_WARN_STRICT_PROTOTYPES = YES;
				CLANG_WARN_SUSPICIOUS_MOVE = YES;
				CLANG_WARN_UNGUARDED_AVAILABILITY = YES_AGGRESSIVE;
				CLANG_WARN_UNREACHABLE_CODE = YES;
				CLANG_WARN__DUPLICATE_METHOD_MATCH = YES;
				COPY_PHASE_STRIP = NO;
				DEBUG_INFORMATION_FORMAT = dwarf;
				ENABLE_STRICT_OBJC_MSGSEND = YES;
				ENABLE_TESTABILITY = YES;
				"EXCLUDED_ARCHS[sdk=iphonesimulator*]" = arm64;
				GCC_C_LANGUAGE_STANDARD = gnu11;
				GCC_DYNAMIC_NO_PIC = NO;
				GCC_NO_COMMON_BLOCKS = YES;
				GCC_OPTIMIZATION_LEVEL = 0;
				GCC_PREPROCESSOR_DEFINITIONS = (
					"DEBUG=1",
					"$(inherited)",
				);
				GCC_WARN_64_TO_32_BIT_CONVERSION = YES;
				GCC_WARN_ABOUT_RETURN_TYPE = YES_ERROR;
				GCC_WARN_UNDECLARED_SELECTOR = YES;
				GCC_WARN_UNINITIALIZED_AUTOS = YES_AGGRESSIVE;
				GCC_WARN_UNUSED_FUNCTION = YES;
				GCC_WARN_UNUSED_VARIABLE = YES;
				MTL_ENABLE_DEBUG_INFO = INCLUDE_SOURCE;
				MTL_FAST_MATH = YES;
				ONLY_ACTIVE_ARCH = YES;
				SWIFT_ACTIVE_COMPILATION_CONDITIONS = DEBUG;
				SWIFT_OPTIMIZATION_LEVEL = "-Onone";
			};
			name = Debug;
		};
		ECCEF1EB25A74BFC002E5D9B /* Release */ = {
			isa = XCBuildConfiguration;
			buildSettings = {
				ALWAYS_SEARCH_USER_PATHS = NO;
				CLANG_ANALYZER_NONNULL = YES;
				CLANG_ANALYZER_NUMBER_OBJECT_CONVERSION = YES_AGGRESSIVE;
				CLANG_CXX_LANGUAGE_STANDARD = "gnu++14";
				CLANG_CXX_LIBRARY = "libc++";
				CLANG_ENABLE_MODULES = YES;
				CLANG_ENABLE_OBJC_ARC = YES;
				CLANG_ENABLE_OBJC_WEAK = YES;
				CLANG_WARN_BLOCK_CAPTURE_AUTORELEASING = YES;
				CLANG_WARN_BOOL_CONVERSION = YES;
				CLANG_WARN_COMMA = YES;
				CLANG_WARN_CONSTANT_CONVERSION = YES;
				CLANG_WARN_DEPRECATED_OBJC_IMPLEMENTATIONS = YES;
				CLANG_WARN_DIRECT_OBJC_ISA_USAGE = YES_ERROR;
				CLANG_WARN_DOCUMENTATION_COMMENTS = YES;
				CLANG_WARN_EMPTY_BODY = YES;
				CLANG_WARN_ENUM_CONVERSION = YES;
				CLANG_WARN_INFINITE_RECURSION = YES;
				CLANG_WARN_INT_CONVERSION = YES;
				CLANG_WARN_NON_LITERAL_NULL_CONVERSION = YES;
				CLANG_WARN_OBJC_IMPLICIT_RETAIN_SELF = YES;
				CLANG_WARN_OBJC_LITERAL_CONVERSION = YES;
				CLANG_WARN_OBJC_ROOT_CLASS = YES_ERROR;
				CLANG_WARN_QUOTED_INCLUDE_IN_FRAMEWORK_HEADER = YES;
				CLANG_WARN_RANGE_LOOP_ANALYSIS = YES;
				CLANG_WARN_STRICT_PROTOTYPES = YES;
				CLANG_WARN_SUSPICIOUS_MOVE = YES;
				CLANG_WARN_UNGUARDED_AVAILABILITY = YES_AGGRESSIVE;
				CLANG_WARN_UNREACHABLE_CODE = YES;
				CLANG_WARN__DUPLICATE_METHOD_MATCH = YES;
				COPY_PHASE_STRIP = NO;
				DEBUG_INFORMATION_FORMAT = "dwarf-with-dsym";
				ENABLE_NS_ASSERTIONS = NO;
				ENABLE_STRICT_OBJC_MSGSEND = YES;
				"EXCLUDED_ARCHS[sdk=iphonesimulator*]" = arm64;
				GCC_C_LANGUAGE_STANDARD = gnu11;
				GCC_NO_COMMON_BLOCKS = YES;
				GCC_WARN_64_TO_32_BIT_CONVERSION = YES;
				GCC_WARN_ABOUT_RETURN_TYPE = YES_ERROR;
				GCC_WARN_UNDECLARED_SELECTOR = YES;
				GCC_WARN_UNINITIALIZED_AUTOS = YES_AGGRESSIVE;
				GCC_WARN_UNUSED_FUNCTION = YES;
				GCC_WARN_UNUSED_VARIABLE = YES;
				MTL_ENABLE_DEBUG_INFO = NO;
				MTL_FAST_MATH = YES;
				SWIFT_COMPILATION_MODE = wholemodule;
				SWIFT_OPTIMIZATION_LEVEL = "-O";
			};
			name = Release;
		};
		ECCEF1ED25A74BFC002E5D9B /* Debug */ = {
			isa = XCBuildConfiguration;
			baseConfigurationReference = 3F6E20C685F0B07B2E53B736 /* Pods-Phmano (iOS).debug.xcconfig */;
			buildSettings = {
				ASSETCATALOG_COMPILER_APPICON_NAME = AppIcon;
				ASSETCATALOG_COMPILER_GLOBAL_ACCENT_COLOR_NAME = AccentColor;
				CODE_SIGN_STYLE = Automatic;
				DEVELOPMENT_TEAM = Q37C4M7VB6;
				ENABLE_PREVIEWS = YES;
				INFOPLIST_FILE = iOS/Info.plist;
				IPHONEOS_DEPLOYMENT_TARGET = 14.0;
				LD_RUNPATH_SEARCH_PATHS = (
					"$(inherited)",
					"@executable_path/Frameworks",
				);
				PRODUCT_BUNDLE_IDENTIFIER = PH.Phmano;
				PRODUCT_NAME = Phmano;
				SDKROOT = iphoneos;
				SWIFT_VERSION = 5.0;
				TARGETED_DEVICE_FAMILY = "1,2";
			};
			name = Debug;
		};
		ECCEF1EE25A74BFC002E5D9B /* Release */ = {
			isa = XCBuildConfiguration;
			baseConfigurationReference = 848C2FCC6D255A592578E26A /* Pods-Phmano (iOS).release.xcconfig */;
			buildSettings = {
				ASSETCATALOG_COMPILER_APPICON_NAME = AppIcon;
				ASSETCATALOG_COMPILER_GLOBAL_ACCENT_COLOR_NAME = AccentColor;
				CODE_SIGN_STYLE = Automatic;
				DEVELOPMENT_TEAM = Q37C4M7VB6;
				ENABLE_PREVIEWS = YES;
				INFOPLIST_FILE = iOS/Info.plist;
				IPHONEOS_DEPLOYMENT_TARGET = 14.0;
				LD_RUNPATH_SEARCH_PATHS = (
					"$(inherited)",
					"@executable_path/Frameworks",
				);
				PRODUCT_BUNDLE_IDENTIFIER = PH.Phmano;
				PRODUCT_NAME = Phmano;
				SDKROOT = iphoneos;
				SWIFT_VERSION = 5.0;
				TARGETED_DEVICE_FAMILY = "1,2";
				VALIDATE_PRODUCT = YES;
			};
			name = Release;
		};
		ECCEF1F025A74BFC002E5D9B /* Debug */ = {
			isa = XCBuildConfiguration;
			baseConfigurationReference = 0630D99B481472992E77A81F /* Pods-Phmano (macOS).debug.xcconfig */;
			buildSettings = {
				ASSETCATALOG_COMPILER_APPICON_NAME = AppIcon;
				ASSETCATALOG_COMPILER_GLOBAL_ACCENT_COLOR_NAME = AccentColor;
				CODE_SIGN_ENTITLEMENTS = macOS/macOS.entitlements;
				CODE_SIGN_STYLE = Automatic;
				COMBINE_HIDPI_IMAGES = YES;
				DEVELOPMENT_TEAM = Q37C4M7VB6;
				ENABLE_HARDENED_RUNTIME = YES;
				ENABLE_PREVIEWS = YES;
				INFOPLIST_FILE = macOS/Info.plist;
				LD_RUNPATH_SEARCH_PATHS = (
					"$(inherited)",
					"@executable_path/../Frameworks",
				);
				MACOSX_DEPLOYMENT_TARGET = 11.0;
				PRODUCT_BUNDLE_IDENTIFIER = PH.Phmano;
				PRODUCT_NAME = Phmano;
				SDKROOT = macosx;
				SWIFT_VERSION = 5.0;
			};
			name = Debug;
		};
		ECCEF1F125A74BFC002E5D9B /* Release */ = {
			isa = XCBuildConfiguration;
			baseConfigurationReference = DCD735A07577886EB28BCC49 /* Pods-Phmano (macOS).release.xcconfig */;
			buildSettings = {
				ASSETCATALOG_COMPILER_APPICON_NAME = AppIcon;
				ASSETCATALOG_COMPILER_GLOBAL_ACCENT_COLOR_NAME = AccentColor;
				CODE_SIGN_ENTITLEMENTS = macOS/macOS.entitlements;
				CODE_SIGN_STYLE = Automatic;
				COMBINE_HIDPI_IMAGES = YES;
				DEVELOPMENT_TEAM = Q37C4M7VB6;
				ENABLE_HARDENED_RUNTIME = YES;
				ENABLE_PREVIEWS = YES;
				INFOPLIST_FILE = macOS/Info.plist;
				LD_RUNPATH_SEARCH_PATHS = (
					"$(inherited)",
					"@executable_path/../Frameworks",
				);
				MACOSX_DEPLOYMENT_TARGET = 11.0;
				PRODUCT_BUNDLE_IDENTIFIER = PH.Phmano;
				PRODUCT_NAME = Phmano;
				SDKROOT = macosx;
				SWIFT_VERSION = 5.0;
			};
			name = Release;
		};
		ECCEF1F325A74BFC002E5D9B /* Debug */ = {
			isa = XCBuildConfiguration;
			buildSettings = {
				ALWAYS_EMBED_SWIFT_STANDARD_LIBRARIES = YES;
				CODE_SIGN_STYLE = Automatic;
				DEVELOPMENT_TEAM = Q37C4M7VB6;
				INFOPLIST_FILE = "Tests iOS/Info.plist";
				IPHONEOS_DEPLOYMENT_TARGET = 14.3;
				LD_RUNPATH_SEARCH_PATHS = (
					"$(inherited)",
					"@executable_path/Frameworks",
					"@loader_path/Frameworks",
				);
				PRODUCT_BUNDLE_IDENTIFIER = "PH.Tests-iOS";
				PRODUCT_NAME = "$(TARGET_NAME)";
				SDKROOT = iphoneos;
				SWIFT_VERSION = 5.0;
				TARGETED_DEVICE_FAMILY = "1,2";
				TEST_TARGET_NAME = "Phmano (iOS)";
			};
			name = Debug;
		};
		ECCEF1F425A74BFC002E5D9B /* Release */ = {
			isa = XCBuildConfiguration;
			buildSettings = {
				ALWAYS_EMBED_SWIFT_STANDARD_LIBRARIES = YES;
				CODE_SIGN_STYLE = Automatic;
				DEVELOPMENT_TEAM = Q37C4M7VB6;
				INFOPLIST_FILE = "Tests iOS/Info.plist";
				IPHONEOS_DEPLOYMENT_TARGET = 14.3;
				LD_RUNPATH_SEARCH_PATHS = (
					"$(inherited)",
					"@executable_path/Frameworks",
					"@loader_path/Frameworks",
				);
				PRODUCT_BUNDLE_IDENTIFIER = "PH.Tests-iOS";
				PRODUCT_NAME = "$(TARGET_NAME)";
				SDKROOT = iphoneos;
				SWIFT_VERSION = 5.0;
				TARGETED_DEVICE_FAMILY = "1,2";
				TEST_TARGET_NAME = "Phmano (iOS)";
				VALIDATE_PRODUCT = YES;
			};
			name = Release;
		};
		ECCEF1F625A74BFC002E5D9B /* Debug */ = {
			isa = XCBuildConfiguration;
			buildSettings = {
				ALWAYS_EMBED_SWIFT_STANDARD_LIBRARIES = YES;
				CODE_SIGN_STYLE = Automatic;
				COMBINE_HIDPI_IMAGES = YES;
				DEVELOPMENT_TEAM = Q37C4M7VB6;
				INFOPLIST_FILE = "Tests macOS/Info.plist";
				LD_RUNPATH_SEARCH_PATHS = (
					"$(inherited)",
					"@executable_path/../Frameworks",
					"@loader_path/../Frameworks",
				);
				MACOSX_DEPLOYMENT_TARGET = 11.1;
				PRODUCT_BUNDLE_IDENTIFIER = "PH.Tests-macOS";
				PRODUCT_NAME = "$(TARGET_NAME)";
				SDKROOT = macosx;
				SWIFT_VERSION = 5.0;
				TEST_TARGET_NAME = "Phmano (macOS)";
			};
			name = Debug;
		};
		ECCEF1F725A74BFC002E5D9B /* Release */ = {
			isa = XCBuildConfiguration;
			buildSettings = {
				ALWAYS_EMBED_SWIFT_STANDARD_LIBRARIES = YES;
				CODE_SIGN_STYLE = Automatic;
				COMBINE_HIDPI_IMAGES = YES;
				DEVELOPMENT_TEAM = Q37C4M7VB6;
				INFOPLIST_FILE = "Tests macOS/Info.plist";
				LD_RUNPATH_SEARCH_PATHS = (
					"$(inherited)",
					"@executable_path/../Frameworks",
					"@loader_path/../Frameworks",
				);
				MACOSX_DEPLOYMENT_TARGET = 11.1;
				PRODUCT_BUNDLE_IDENTIFIER = "PH.Tests-macOS";
				PRODUCT_NAME = "$(TARGET_NAME)";
				SDKROOT = macosx;
				SWIFT_VERSION = 5.0;
				TEST_TARGET_NAME = "Phmano (macOS)";
			};
			name = Release;
		};
/* End XCBuildConfiguration section */

/* Begin XCConfigurationList section */
		ECCEF1B925A74BFB002E5D9B /* Build configuration list for PBXProject "Phmano" */ = {
			isa = XCConfigurationList;
			buildConfigurations = (
				ECCEF1EA25A74BFC002E5D9B /* Debug */,
				ECCEF1EB25A74BFC002E5D9B /* Release */,
			);
			defaultConfigurationIsVisible = 0;
			defaultConfigurationName = Release;
		};
		ECCEF1EC25A74BFC002E5D9B /* Build configuration list for PBXNativeTarget "Phmano (iOS)" */ = {
			isa = XCConfigurationList;
			buildConfigurations = (
				ECCEF1ED25A74BFC002E5D9B /* Debug */,
				ECCEF1EE25A74BFC002E5D9B /* Release */,
			);
			defaultConfigurationIsVisible = 0;
			defaultConfigurationName = Release;
		};
		ECCEF1EF25A74BFC002E5D9B /* Build configuration list for PBXNativeTarget "Phmano (macOS)" */ = {
			isa = XCConfigurationList;
			buildConfigurations = (
				ECCEF1F025A74BFC002E5D9B /* Debug */,
				ECCEF1F125A74BFC002E5D9B /* Release */,
			);
			defaultConfigurationIsVisible = 0;
			defaultConfigurationName = Release;
		};
		ECCEF1F225A74BFC002E5D9B /* Build configuration list for PBXNativeTarget "Tests iOS" */ = {
			isa = XCConfigurationList;
			buildConfigurations = (
				ECCEF1F325A74BFC002E5D9B /* Debug */,
				ECCEF1F425A74BFC002E5D9B /* Release */,
			);
			defaultConfigurationIsVisible = 0;
			defaultConfigurationName = Release;
		};
		ECCEF1F525A74BFC002E5D9B /* Build configuration list for PBXNativeTarget "Tests macOS" */ = {
			isa = XCConfigurationList;
			buildConfigurations = (
				ECCEF1F625A74BFC002E5D9B /* Debug */,
				ECCEF1F725A74BFC002E5D9B /* Release */,
			);
			defaultConfigurationIsVisible = 0;
			defaultConfigurationName = Release;
		};
/* End XCConfigurationList section */
	};
	rootObject = ECCEF1B625A74BFB002E5D9B /* Project object */;
}
